
Microsoft Visual Studio Solution File, Format Version 12.00
# Visual Studio Version 16
VisualStudioVersion = 16.0.29806.167
MinimumVisualStudioVersion = 10.0.40219.1
Project("{FAE04EC0-301F-11D3-BF4B-00C04F79EFBC}") = "MyFirstConsoleApp", "MyFirstConsoleApp\MyFirstConsoleApp.csproj", "{0C6B6C99-1587-4C9B-A606-8B41C797D809}"
EndProject
Global
	GlobalSection(SolutionConfigurationPlatforms) = preSolution
		Debug|Any CPU = Debug|Any CPU
		Release|Any CPU = Release|Any CPU
	EndGlobalSection
	GlobalSection(ProjectConfigurationPlatforms) = postSolution
		{0C6B6C99-1587-4C9B-A606-8B41C797D809}.Debug|Any CPU.ActiveCfg = Debug|Any CPU
		{0C6B6C99-1587-4C9B-A606-8B41C797D809}.Debug|Any CPU.Build.0 = Debug|Any CPU
		{0C6B6C99-1587-4C9B-A606-8B41C797D809}.Release|Any CPU.ActiveCfg = Release|Any CPU
		{0C6B6C99-1587-4C9B-A606-8B41C797D809}.Release|Any CPU.Build.0 = Release|Any CPU
	EndGlobalSection
	GlobalSection(SolutionProperties) = preSolution
		HideSolutionNode = FALSE
	EndGlobalSection
	GlobalSection(ExtensibilityGlobals) = postSolution
		SolutionGuid = {7C3720AE-59E7-4B24-843E-B2FB7CAD01C4}
	EndGlobalSection
EndGlobal
